<?xml version="1.0" encoding="utf-8"?>
<Project ToolsVersion="4.0" xmlns="http://schemas.microsoft.com/developer/msbuild/2003">
  <ItemGroup>
    <Filter Include="Source Files">
      <UniqueIdentifier>{4FC737F1-C7A5-4376-A066-2A32D752A2FF}</UniqueIdentifier>
      <Extensions>cpp;c;cc;cxx;def;odl;idl;hpj;bat;asm;asmx</Extensions>
    </Filter>
    <Filter Include="Header Files">
      <UniqueIdentifier>{93995380-89BD-4b04-88EB-625FBE52EBFB}</UniqueIdentifier>
      <Extensions>h;hpp;hxx;hm;inl;inc;xsd</Extensions>
    </Filter>
    <Filter Include="Resource Files">
      <UniqueIdentifier>{67DA6AB6-F800-4c08-8B7A-83BB121AAD01}</UniqueIdentifier>
      <Extensions>rc;ico;cur;bmp;dlg;rc2;rct;bin;rgs;gif;jpg;jpeg;jpe;resx;tiff;tif;png;wav;mfcribbon-ms</Extensions>
    </Filter>
    <Filter Include="Resource Files\textures">
      <UniqueIdentifier>{5f92345d-310f-4b5e-ae8d-0e8655106217}</UniqueIdentifier>
    </Filter>
    <Filter Include="Resource Files\shaders">
      <UniqueIdentifier>{52cabbeb-27aa-4b87-820b-718f55780f96}</UniqueIdentifier>
    </Filter>
  </ItemGroup>
  <ItemGroup>
    <ClCompile Include="..\testMain.cpp">
      <Filter>Source Files</Filter>
    </ClCompile>
    <ClCompile Include="TestApp.cpp">
      <Filter>Source Files</Filter>
    </ClCompile>
  </ItemGroup>
  <ItemGroup>
    <ClInclude Include="TestApp.h">
      <Filter>Header Files</Filter>
    </ClInclude>
    <ClInclude Include="Drawable.h">
      <Filter>Header Files</Filter>
    </ClInclude>
  </ItemGroup>
  <ItemGroup>
    <None Include="Clouds.tga">
      <Filter>Resource Files\textures</Filter>
    </None>
    <None Include="Decal.tga">
      <Filter>Resource Files\textures</Filter>
    </None>
    <None Include="Marble.tga">
      <Filter>Resource Files\textures</Filter>
    </None>
    <None Include="Marslike.tga">
      <Filter>Resource Files\textures</Filter>
    </None>
    <None Include="MoonLike.tga">
      <Filter>Resource Files\textures</Filter>
    </None>
    <None Include="snow_negative_x.tga">
      <Filter>Resource Files\textures</Filter>
    </None>
    <None Include="snow_negative_y.tga">
      <Filter>Resource Files\textures</Filter>
    </None>
    <None Include="snow_negative_z.tga">
      <Filter>Resource Files\textures</Filter>
    </None>
    <None Include="snow_positive_y.tga">
      <Filter>Resource Files\textures</Filter>
    </None>
    <None Include="snow_positive_z.tga">
      <Filter>Resource Files\textures</Filter>
    </None>
    <None Include="snow_positive_x.tga">
      <Filter>Resource Files\textures</Filter>
    </None>
    <None Include="cubeMap.fp">
      <Filter>Resource Files\shaders</Filter>
    </None>
    <None Include="pass.vp">
      <Filter>Resource Files\shaders</Filter>
    </None>
    <None Include="cubeMap.vp">
      <Filter>Resource Files\shaders</Filter>
    </None>
    <None Include="pass.fp">
      <Filter>Resource Files\shaders</Filter>
    </None>
    <None Include="texture.vp">
      <Filter>Resource Files\shaders</Filter>
    </None>
    <None Include="texture.fp">
      <Filter>Resource Files\shaders</Filter>
    </None>
    <None Include="triangle.vp">
      <Filter>Resource Files\shaders</Filter>
    </None>
  </ItemGroup>
</Project>